
Microsoft Visual Studio Solution File, Format Version 12.00
# Visual Studio 15
VisualStudioVersion = 15.0.26430.6
MinimumVisualStudioVersion = 10.0.40219.1
Project("{FAE04EC0-301F-11D3-BF4B-00C04F79EFBC}") = "Single Inheritance", "Single Inheritance\Single Inheritance.csproj", "{7AF8114A-21EC-47DF-A112-457E51340515}"
EndProject
Project("{FAE04EC0-301F-11D3-BF4B-00C04F79EFBC}") = "Reusing Classes", "Reusing Classes\Reusing Classes.csproj", "{68A1A73A-D0FA-4AA3-AA94-4EABFC6EC58E}"
EndProject
Global
	GlobalSection(SolutionConfigurationPlatforms) = preSolution
		Debug|Any CPU = Debug|Any CPU
		Release|Any CPU = Release|Any CPU
	EndGlobalSection
	GlobalSection(ProjectConfigurationPlatforms) = postSolution
		{7AF8114A-21EC-47DF-A112-457E51340515}.Debug|Any CPU.ActiveCfg = Debug|Any CPU
		{7AF8114A-21EC-47DF-A112-457E51340515}.Debug|Any CPU.Build.0 = Debug|Any CPU
		{7AF8114A-21EC-47DF-A112-457E51340515}.Release|Any CPU.ActiveCfg = Release|Any CPU
		{7AF8114A-21EC-47DF-A112-457E51340515}.Release|Any CPU.Build.0 = Release|Any CPU
		{68A1A73A-D0FA-4AA3-AA94-4EABFC6EC58E}.Debug|Any CPU.ActiveCfg = Debug|Any CPU
		{68A1A73A-D0FA-4AA3-AA94-4EABFC6EC58E}.Debug|Any CPU.Build.0 = Debug|Any CPU
		{68A1A73A-D0FA-4AA3-AA94-4EABFC6EC58E}.Release|Any CPU.ActiveCfg = Release|Any CPU
		{68A1A73A-D0FA-4AA3-AA94-4EABFC6EC58E}.Release|Any CPU.Build.0 = Release|Any CPU
	EndGlobalSection
	GlobalSection(SolutionProperties) = preSolution
		HideSolutionNode = FALSE
	EndGlobalSection
EndGlobal
